
Microsoft Visual Studio Solution File, Format Version 12.00
# Visual Studio Version 16
VisualStudioVersion = 16.0.33027.164
MinimumVisualStudioVersion = 10.0.40219.1
Project("{FAE04EC0-301F-11D3-BF4B-00C04F79EFBC}") = "ClonOSU", "ClonOSU.csproj", "{9679FE7D-D511-41A8-BD3F-F3C7138E1B7C}"
EndProject
Global
	GlobalSection(SolutionConfigurationPlatforms) = preSolution
		Debug|Any CPU = Debug|Any CPU
		Release|Any CPU = Release|Any CPU
	EndGlobalSection
	GlobalSection(ProjectConfigurationPlatforms) = postSolution
		{9679FE7D-D511-41A8-BD3F-F3C7138E1B7C}.Debug|Any CPU.ActiveCfg = Debug|Any CPU
		{9679FE7D-D511-41A8-BD3F-F3C7138E1B7C}.Debug|Any CPU.Build.0 = Debug|Any CPU
		{9679FE7D-D511-41A8-BD3F-F3C7138E1B7C}.Release|Any CPU.ActiveCfg = Release|Any CPU
		{9679FE7D-D511-41A8-BD3F-F3C7138E1B7C}.Release|Any CPU.Build.0 = Release|Any CPU
	EndGlobalSection
	GlobalSection(SolutionProperties) = preSolution
		HideSolutionNode = FALSE
	EndGlobalSection
	GlobalSection(ExtensibilityGlobals) = postSolution
		SolutionGuid = {FFFCD21C-D06F-4368-96D2-AA7B66D80929}
	EndGlobalSection
EndGlobal
